
Microsoft Visual Studio Solution File, Format Version 12.00
Project("{FAE04EC0-301F-11D3-BF4B-00C04F79EFBC}") = "Laba7_V5", "Laba7_V5\Laba7_V5.csproj", "{1C4A9487-0F89-4B1C-A0E1-A8730FA79E29}"
EndProject
Global
	GlobalSection(SolutionConfigurationPlatforms) = preSolution
		Debug|Any CPU = Debug|Any CPU
		Release|Any CPU = Release|Any CPU
	EndGlobalSection
	GlobalSection(ProjectConfigurationPlatforms) = postSolution
		{1C4A9487-0F89-4B1C-A0E1-A8730FA79E29}.Debug|Any CPU.ActiveCfg = Debug|Any CPU
		{1C4A9487-0F89-4B1C-A0E1-A8730FA79E29}.Debug|Any CPU.Build.0 = Debug|Any CPU
		{1C4A9487-0F89-4B1C-A0E1-A8730FA79E29}.Release|Any CPU.ActiveCfg = Release|Any CPU
		{1C4A9487-0F89-4B1C-A0E1-A8730FA79E29}.Release|Any CPU.Build.0 = Release|Any CPU
	EndGlobalSection
EndGlobal
